// !$*UTF8*$!
{
	archiveVersion = 1;
	classes = {
	};
	objectVersion = 50;
	objects = {

/* Begin PBXBuildFile section */
		06F46FB52149898F008F8653 /* AppDelegate.swift in Sources */ = {isa = PBXBuildFile; fileRef = 06F46FB42149898F008F8653 /* AppDelegate.swift */; };
		06F46FBA2149898F008F8653 /* Main.storyboard in Resources */ = {isa = PBXBuildFile; fileRef = 06F46FB82149898F008F8653 /* Main.storyboard */; };
		06F46FBC21498991008F8653 /* Assets.xcassets in Resources */ = {isa = PBXBuildFile; fileRef = 06F46FBB21498991008F8653 /* Assets.xcassets */; };
		06F46FBF21498991008F8653 /* LaunchScreen.storyboard in Resources */ = {isa = PBXBuildFile; fileRef = 06F46FBD21498991008F8653 /* LaunchScreen.storyboard */; };
		06F46FC721498B20008F8653 /* HabitatListTableViewController.swift in Sources */ = {isa = PBXBuildFile; fileRef = 06F46FC621498B20008F8653 /* HabitatListTableViewController.swift */; };
		06F46FC921498D7F008F8653 /* Habitat.swift in Sources */ = {isa = PBXBuildFile; fileRef = 06F46FC821498D7F008F8653 /* Habitat.swift */; };
		06F46FCB21499193008F8653 /* Pen.swift in Sources */ = {isa = PBXBuildFile; fileRef = 06F46FCA21499193008F8653 /* Pen.swift */; };
		06F46FCD2149941A008F8653 /* Animal.swift in Sources */ = {isa = PBXBuildFile; fileRef = 06F46FCC2149941A008F8653 /* Animal.swift */; };
		06F46FCF2149B145008F8653 /* IdentityEnums.swift in Sources */ = {isa = PBXBuildFile; fileRef = 06F46FCE2149B145008F8653 /* IdentityEnums.swift */; };
		06F46FD12149B375008F8653 /* PenListTableViewController.swift in Sources */ = {isa = PBXBuildFile; fileRef = 06F46FD02149B375008F8653 /* PenListTableViewController.swift */; };
		06F46FD3214A9AD8008F8653 /* AnimalListTableViewController.swift in Sources */ = {isa = PBXBuildFile; fileRef = 06F46FD2214A9AD8008F8653 /* AnimalListTableViewController.swift */; };
/* End PBXBuildFile section */

/* Begin PBXFileReference section */
		06F46FB12149898F008F8653 /* Zoo.app */ = {isa = PBXFileReference; explicitFileType = wrapper.application; includeInIndex = 0; path = Zoo.app; sourceTree = BUILT_PRODUCTS_DIR; };
		06F46FB42149898F008F8653 /* AppDelegate.swift */ = {isa = PBXFileReference; lastKnownFileType = sourcecode.swift; path = AppDelegate.swift; sourceTree = "<group>"; };
		06F46FB92149898F008F8653 /* Base */ = {isa = PBXFileReference; lastKnownFileType = file.storyboard; name = Base; path = Base.lproj/Main.storyboard; sourceTree = "<group>"; };
		06F46FBB21498991008F8653 /* Assets.xcassets */ = {isa = PBXFileReference; lastKnownFileType = folder.assetcatalog; path = Assets.xcassets; sourceTree = "<group>"; };
		06F46FBE21498991008F8653 /* Base */ = {isa = PBXFileReference; lastKnownFileType = file.storyboard; name = Base; path = Base.lproj/LaunchScreen.storyboard; sourceTree = "<group>"; };
		06F46FC021498991008F8653 /* Info.plist */ = {isa = PBXFileReference; lastKnownFileType = text.plist.xml; path = Info.plist; sourceTree = "<group>"; };
		06F46FC621498B20008F8653 /* HabitatListTableViewController.swift */ = {isa = PBXFileReference; lastKnownFileType = sourcecode.swift; path = HabitatListTableViewController.swift; sourceTree = "<group>"; };
		06F46FC821498D7F008F8653 /* Habitat.swift */ = {isa = PBXFileReference; lastKnownFileType = sourcecode.swift; path = Habitat.swift; sourceTree = "<group>"; };
		06F46FCA21499193008F8653 /* Pen.swift */ = {isa = PBXFileReference; lastKnownFileType = sourcecode.swift; path = Pen.swift; sourceTree = "<group>"; };
		06F46FCC2149941A008F8653 /* Animal.swift */ = {isa = PBXFileReference; lastKnownFileType = sourcecode.swift; path = Animal.swift; sourceTree = "<group>"; };
		06F46FCE2149B145008F8653 /* IdentityEnums.swift */ = {isa = PBXFileReference; lastKnownFileType = sourcecode.swift; path = IdentityEnums.swift; sourceTree = "<group>"; };
		06F46FD02149B375008F8653 /* PenListTableViewController.swift */ = {isa = PBXFileReference; lastKnownFileType = sourcecode.swift; path = PenListTableViewController.swift; sourceTree = "<group>"; };
		06F46FD2214A9AD8008F8653 /* AnimalListTableViewController.swift */ = {isa = PBXFileReference; lastKnownFileType = sourcecode.swift; path = AnimalListTableViewController.swift; sourceTree = "<group>"; };
/* End PBXFileReference section */

/* Begin PBXFrameworksBuildPhase section */
		06F46FAE2149898F008F8653 /* Frameworks */ = {
			isa = PBXFrameworksBuildPhase;
			buildActionMask = 2147483647;
			files = (
			);
			runOnlyForDeploymentPostprocessing = 0;
		};
/* End PBXFrameworksBuildPhase section */

/* Begin PBXGroup section */
		06F46FA82149898F008F8653 = {
			isa = PBXGroup;
			children = (
				06F46FB32149898F008F8653 /* Zoo */,
				06F46FB22149898F008F8653 /* Products */,
			);
			sourceTree = "<group>";
		};
		06F46FB22149898F008F8653 /* Products */ = {
			isa = PBXGroup;
			children = (
				06F46FB12149898F008F8653 /* Zoo.app */,
			);
			name = Products;
			sourceTree = "<group>";
		};
		06F46FB32149898F008F8653 /* Zoo */ = {
			isa = PBXGroup;
			children = (
				06F46FB42149898F008F8653 /* AppDelegate.swift */,
				06F46FC621498B20008F8653 /* HabitatListTableViewController.swift */,
				06F46FD02149B375008F8653 /* PenListTableViewController.swift */,
				06F46FD2214A9AD8008F8653 /* AnimalListTableViewController.swift */,
				06F46FB82149898F008F8653 /* Main.storyboard */,
				06F46FBB21498991008F8653 /* Assets.xcassets */,
				06F46FBD21498991008F8653 /* LaunchScreen.storyboard */,
				06F46FC021498991008F8653 /* Info.plist */,
				06F46FC821498D7F008F8653 /* Habitat.swift */,
				06F46FCA21499193008F8653 /* Pen.swift */,
				06F46FCC2149941A008F8653 /* Animal.swift */,
				06F46FCE2149B145008F8653 /* IdentityEnums.swift */,
			);
			path = Zoo;
			sourceTree = "<group>";
		};
/* End PBXGroup section */

/* Begin PBXNativeTarget section */
		06F46FB02149898F008F8653 /* Zoo */ = {
			isa = PBXNativeTarget;
			buildConfigurationList = 06F46FC321498991008F8653 /* Build configuration list for PBXNativeTarget "Zoo" */;
			buildPhases = (
				06F46FAD2149898F008F8653 /* Sources */,
				06F46FAE2149898F008F8653 /* Frameworks */,
				06F46FAF2149898F008F8653 /* Resources */,
			);
			buildRules = (
			);
			dependencies = (
			);
			name = Zoo;
			productName = Zoo;
			productReference = 06F46FB12149898F008F8653 /* Zoo.app */;
			productType = "com.apple.product-type.application";
		};
/* End PBXNativeTarget section */

/* Begin PBXProject section */
		06F46FA92149898F008F8653 /* Project object */ = {
			isa = PBXProject;
			attributes = {
				LastSwiftUpdateCheck = 0940;
				LastUpgradeCheck = 0940;
				ORGANIZATIONNAME = "Britney Smith";
				TargetAttributes = {
					06F46FB02149898F008F8653 = {
						CreatedOnToolsVersion = 9.4.1;
					};
				};
			};
			buildConfigurationList = 06F46FAC2149898F008F8653 /* Build configuration list for PBXProject "Zoo" */;
			compatibilityVersion = "Xcode 9.3";
			developmentRegion = en;
			hasScannedForEncodings = 0;
			knownRegions = (
				en,
				Base,
			);
			mainGroup = 06F46FA82149898F008F8653;
			productRefGroup = 06F46FB22149898F008F8653 /* Products */;
			projectDirPath = "";
			projectRoot = "";
			targets = (
				06F46FB02149898F008F8653 /* Zoo */,
			);
		};
/* End PBXProject section */

/* Begin PBXResourcesBuildPhase section */
		06F46FAF2149898F008F8653 /* Resources */ = {
			isa = PBXResourcesBuildPhase;
			buildActionMask = 2147483647;
			files = (
				06F46FBF21498991008F8653 /* LaunchScreen.storyboard in Resources */,
				06F46FBC21498991008F8653 /* Assets.xcassets in Resources */,
				06F46FBA2149898F008F8653 /* Main.storyboard in Resources */,
			);
			runOnlyForDeploymentPostprocessing = 0;
		};
/* End PBXResourcesBuildPhase section */

/* Begin PBXSourcesBuildPhase section */
		06F46FAD2149898F008F8653 /* Sources */ = {
			isa = PBXSourcesBuildPhase;
			buildActionMask = 2147483647;
			files = (
				06F46FB52149898F008F8653 /* AppDelegate.swift in Sources */,
				06F46FD12149B375008F8653 /* PenListTableViewController.swift in Sources */,
				06F46FC721498B20008F8653 /* HabitatListTableViewController.swift in Sources */,
				06F46FD3214A9AD8008F8653 /* AnimalListTableViewController.swift in Sources */,
				06F46FC921498D7F008F8653 /* Habitat.swift in Sources */,
				06F46FCB21499193008F8653 /* Pen.swift in Sources */,
				06F46FCF2149B145008F8653 /* IdentityEnums.swift in Sources */,
				06F46FCD2149941A008F8653 /* Animal.swift in Sources */,
			);
			runOnlyForDeploymentPostprocessing = 0;
		};
/* End PBXSourcesBuildPhase section */

/* Begin PBXVariantGroup section */
		06F46FB82149898F008F8653 /* Main.storyboard */ = {
			isa = PBXVariantGroup;
			children = (
				06F46FB92149898F008F8653 /* Base */,
			);
			name = Main.storyboard;
			sourceTree = "<group>";
		};
		06F46FBD21498991008F8653 /* LaunchScreen.storyboard */ = {
			isa = PBXVariantGroup;
			children = (
				06F46FBE21498991008F8653 /* Base */,
			);
			name = LaunchScreen.storyboard;
			sourceTree = "<group>";
		};
/* End PBXVariantGroup section */

/* Begin XCBuildConfiguration section */
		06F46FC121498991008F8653 /* Debug */ = {
			isa = XCBuildConfiguration;
			buildSettings = {
				ALWAYS_SEARCH_USER_PATHS = NO;
				CLANG_ANALYZER_NONNULL = YES;
				CLANG_ANALYZER_NUMBER_OBJECT_CONVERSION = YES_AGGRESSIVE;
				CLANG_CXX_LANGUAGE_STANDARD = "gnu++14";
				CLANG_CXX_LIBRARY = "libc++";
				CLANG_ENABLE_MODULES = YES;
				CLANG_ENABLE_OBJC_ARC = YES;
				CLANG_ENABLE_OBJC_WEAK = YES;
				CLANG_WARN_BLOCK_CAPTURE_AUTORELEASING = YES;
				CLANG_WARN_BOOL_CONVERSION = YES;
				CLANG_WARN_COMMA = YES;
				CLANG_WARN_CONSTANT_CONVERSION = YES;
				CLANG_WARN_DEPRECATED_OBJC_IMPLEMENTATIONS = YES;
				CLANG_WARN_DIRECT_OBJC_ISA_USAGE = YES_ERROR;
				CLANG_WARN_DOCUMENTATION_COMMENTS = YES;
				CLANG_WARN_EMPTY_BODY = YES;
				CLANG_WARN_ENUM_CONVERSION = YES;
				CLANG_WARN_INFINITE_RECURSION = YES;
				CLANG_WARN_INT_CONVERSION = YES;
				CLANG_WARN_NON_LITERAL_NULL_CONVERSION = YES;
				CLANG_WARN_OBJC_IMPLICIT_RETAIN_SELF = YES;
				CLANG_WARN_OBJC_LITERAL_CONVERSION = YES;
				CLANG_WARN_OBJC_ROOT_CLASS = YES_ERROR;
				CLANG_WARN_RANGE_LOOP_ANALYSIS = YES;
				CLANG_WARN_STRICT_PROTOTYPES = YES;
				CLANG_WARN_SUSPICIOUS_MOVE = YES;
				CLANG_WARN_UNGUARDED_AVAILABILITY = YES_AGGRESSIVE;
				CLANG_WARN_UNREACHABLE_CODE = YES;
				CLANG_WARN__DUPLICATE_METHOD_MATCH = YES;
				CODE_SIGN_IDENTITY = "iPhone Developer";
				COPY_PHASE_STRIP = NO;
				DEBUG_INFORMATION_FORMAT = dwarf;
				ENABLE_STRICT_OBJC_MSGSEND = YES;
				ENABLE_TESTABILITY = YES;
				GCC_C_LANGUAGE_STANDARD = gnu11;
				GCC_DYNAMIC_NO_PIC = NO;
				GCC_NO_COMMON_BLOCKS = YES;
				GCC_OPTIMIZATION_LEVEL = 0;
				GCC_PREPROCESSOR_DEFINITIONS = (
					"DEBUG=1",
					"$(inherited)",
				);
				GCC_WARN_64_TO_32_BIT_CONVERSION = YES;
				GCC_WARN_ABOUT_RETURN_TYPE = YES_ERROR;
				GCC_WARN_UNDECLARED_SELECTOR = YES;
				GCC_WARN_UNINITIALIZED_AUTOS = YES_AGGRESSIVE;
				GCC_WARN_UNUSED_FUNCTION = YES;
				GCC_WARN_UNUSED_VARIABLE = YES;
				IPHONEOS_DEPLOYMENT_TARGET = 11.4;
				MTL_ENABLE_DEBUG_INFO = YES;
				ONLY_ACTIVE_ARCH = YES;
				SDKROOT = iphoneos;
				SWIFT_ACTIVE_COMPILATION_CONDITIONS = DEBUG;
				SWIFT_OPTIMIZATION_LEVEL = "-Onone";
			};
			name = Debug;
		};
		06F46FC221498991008F8653 /* Release */ = {
			isa = XCBuildConfiguration;
			buildSettings = {
				ALWAYS_SEARCH_USER_PATHS = NO;
				CLANG_ANALYZER_NONNULL = YES;
				CLANG_ANALYZER_NUMBER_OBJECT_CONVERSION = YES_AGGRESSIVE;
				CLANG_CXX_LANGUAGE_STANDARD = "gnu++14";
				CLANG_CXX_LIBRARY = "libc++";
				CLANG_ENABLE_MODULES = YES;
				CLANG_ENABLE_OBJC_ARC = YES;
				CLANG_ENABLE_OBJC_WEAK = YES;
				CLANG_WARN_BLOCK_CAPTURE_AUTORELEASING = YES;
				CLANG_WARN_BOOL_CONVERSION = YES;
				CLANG_WARN_COMMA = YES;
				CLANG_WARN_CONSTANT_CONVERSION = YES;
				CLANG_WARN_DEPRECATED_OBJC_IMPLEMENTATIONS = YES;
				CLANG_WARN_DIRECT_OBJC_ISA_USAGE = YES_ERROR;
				CLANG_WARN_DOCUMENTATION_COMMENTS = YES;
				CLANG_WARN_EMPTY_BODY = YES;
				CLANG_WARN_ENUM_CONVERSION = YES;
				CLANG_WARN_INFINITE_RECURSION = YES;
				CLANG_WARN_INT_CONVERSION = YES;
				CLANG_WARN_NON_LITERAL_NULL_CONVERSION = YES;
				CLANG_WARN_OBJC_IMPLICIT_RETAIN_SELF = YES;
				CLANG_WARN_OBJC_LITERAL_CONVERSION = YES;
				CLANG_WARN_OBJC_ROOT_CLASS = YES_ERROR;
				CLANG_WARN_RANGE_LOOP_ANALYSIS = YES;
				CLANG_WARN_STRICT_PROTOTYPES = YES;
				CLANG_WARN_SUSPICIOUS_MOVE = YES;
				CLANG_WARN_UNGUARDED_AVAILABILITY = YES_AGGRESSIVE;
				CLANG_WARN_UNREACHABLE_CODE = YES;
				CLANG_WARN__DUPLICATE_METHOD_MATCH = YES;
				CODE_SIGN_IDENTITY = "iPhone Developer";
				COPY_PHASE_STRIP = NO;
				DEBUG_INFORMATION_FORMAT = "dwarf-with-dsym";
				ENABLE_NS_ASSERTIONS = NO;
				ENABLE_STRICT_OBJC_MSGSEND = YES;
				GCC_C_LANGUAGE_STANDARD = gnu11;
				GCC_NO_COMMON_BLOCKS = YES;
				GCC_WARN_64_TO_32_BIT_CONVERSION = YES;
				GCC_WARN_ABOUT_RETURN_TYPE = YES_ERROR;
				GCC_WARN_UNDECLARED_SELECTOR = YES;
				GCC_WARN_UNINITIALIZED_AUTOS = YES_AGGRESSIVE;
				GCC_WARN_UNUSED_FUNCTION = YES;
				GCC_WARN_UNUSED_VARIABLE = YES;
				IPHONEOS_DEPLOYMENT_TARGET = 11.4;
				MTL_ENABLE_DEBUG_INFO = NO;
				SDKROOT = iphoneos;
				SWIFT_COMPILATION_MODE = wholemodule;
				SWIFT_OPTIMIZATION_LEVEL = "-O";
				VALIDATE_PRODUCT = YES;
			};
			name = Release;
		};
		06F46FC421498991008F8653 /* Debug */ = {
			isa = XCBuildConfiguration;
			buildSettings = {
				ASSETCATALOG_COMPILER_APPICON_NAME = AppIcon;
				CODE_SIGN_STYLE = Automatic;
				INFOPLIST_FILE = Zoo/Info.plist;
				LD_RUNPATH_SEARCH_PATHS = (
					"$(inherited)",
					"@executable_path/Frameworks",
				);
				PRODUCT_BUNDLE_IDENTIFIER = com.detroitlabs.Zoo;
				PRODUCT_NAME = "$(TARGET_NAME)";
				SWIFT_VERSION = 4.0;
				TARGETED_DEVICE_FAMILY = "1,2";
			};
			name = Debug;
		};
		06F46FC521498991008F8653 /* Release */ = {
			isa = XCBuildConfiguration;
			buildSettings = {
				ASSETCATALOG_COMPILER_APPICON_NAME = AppIcon;
				CODE_SIGN_STYLE = Automatic;
				INFOPLIST_FILE = Zoo/Info.plist;
				LD_RUNPATH_SEARCH_PATHS = (
					"$(inherited)",
					"@executable_path/Frameworks",
				);
				PRODUCT_BUNDLE_IDENTIFIER = com.detroitlabs.Zoo;
				PRODUCT_NAME = "$(TARGET_NAME)";
				SWIFT_VERSION = 4.0;
				TARGETED_DEVICE_FAMILY = "1,2";
			};
			name = Release;
		};
/* End XCBuildConfiguration section */

/* Begin XCConfigurationList section */
		06F46FAC2149898F008F8653 /* Build configuration list for PBXProject "Zoo" */ = {
			isa = XCConfigurationList;
			buildConfigurations = (
				06F46FC121498991008F8653 /* Debug */,
				06F46FC221498991008F8653 /* Release */,
			);
			defaultConfigurationIsVisible = 0;
			defaultConfigurationName = Release;
		};
		06F46FC321498991008F8653 /* Build configuration list for PBXNativeTarget "Zoo" */ = {
			isa = XCConfigurationList;
			buildConfigurations = (
				06F46FC421498991008F8653 /* Debug */,
				06F46FC521498991008F8653 /* Release */,
			);
			defaultConfigurationIsVisible = 0;
			defaultConfigurationName = Release;
		};
/* End XCConfigurationList section */
	};
	rootObject = 06F46FA92149898F008F8653 /* Project object */;
}
